// !$*UTF8*$!
{
	archiveVersion = 1;
	classes = {
	};
	objectVersion = 46;
	objects = {

/* Begin PBXBuildFile section */
		A555B1F01F01C604007EE1C1 /* AppDelegate.swift in Sources */ = {isa = PBXBuildFile; fileRef = A555B1EF1F01C604007EE1C1 /* AppDelegate.swift */; };
		A555B1F21F01C604007EE1C1 /* ViewController.swift in Sources */ = {isa = PBXBuildFile; fileRef = A555B1F11F01C604007EE1C1 /* ViewController.swift */; };
		A555B1F51F01C604007EE1C1 /* Main.storyboard in Resources */ = {isa = PBXBuildFile; fileRef = A555B1F31F01C604007EE1C1 /* Main.storyboard */; };
		A555B1F71F01C604007EE1C1 /* Assets.xcassets in Resources */ = {isa = PBXBuildFile; fileRef = A555B1F61F01C604007EE1C1 /* Assets.xcassets */; };
		A555B1FA1F01C604007EE1C1 /* LaunchScreen.storyboard in Resources */ = {isa = PBXBuildFile; fileRef = A555B1F81F01C604007EE1C1 /* LaunchScreen.storyboard */; };
		A555B2051F01C604007EE1C1 /* MathWithFriendsTests.swift in Sources */ = {isa = PBXBuildFile; fileRef = A555B2041F01C604007EE1C1 /* MathWithFriendsTests.swift */; };
/* End PBXBuildFile section */

/* Begin PBXContainerItemProxy section */
		A555B2011F01C604007EE1C1 /* PBXContainerItemProxy */ = {
			isa = PBXContainerItemProxy;
			containerPortal = A555B1E41F01C604007EE1C1 /* Project object */;
			proxyType = 1;
			remoteGlobalIDString = A555B1EB1F01C604007EE1C1;
			remoteInfo = MathWithFriends;
		};
/* End PBXContainerItemProxy section */

/* Begin PBXFileReference section */
		A555B1EC1F01C604007EE1C1 /* MathWithFriends.app */ = {isa = PBXFileReference; explicitFileType = wrapper.application; includeInIndex = 0; path = MathWithFriends.app; sourceTree = BUILT_PRODUCTS_DIR; };
		A555B1EF1F01C604007EE1C1 /* AppDelegate.swift */ = {isa = PBXFileReference; lastKnownFileType = sourcecode.swift; path = AppDelegate.swift; sourceTree = "<group>"; };
		A555B1F11F01C604007EE1C1 /* ViewController.swift */ = {isa = PBXFileReference; lastKnownFileType = sourcecode.swift; path = ViewController.swift; sourceTree = "<group>"; };
		A555B1F41F01C604007EE1C1 /* Base */ = {isa = PBXFileReference; lastKnownFileType = file.storyboard; name = Base; path = Base.lproj/Main.storyboard; sourceTree = "<group>"; };
		A555B1F61F01C604007EE1C1 /* Assets.xcassets */ = {isa = PBXFileReference; lastKnownFileType = folder.assetcatalog; path = Assets.xcassets; sourceTree = "<group>"; };
		A555B1F91F01C604007EE1C1 /* Base */ = {isa = PBXFileReference; lastKnownFileType = file.storyboard; name = Base; path = Base.lproj/LaunchScreen.storyboard; sourceTree = "<group>"; };
		A555B1FB1F01C604007EE1C1 /* Info.plist */ = {isa = PBXFileReference; lastKnownFileType = text.plist.xml; path = Info.plist; sourceTree = "<group>"; };
		A555B2001F01C604007EE1C1 /* MathWithFriendsTests.xctest */ = {isa = PBXFileReference; explicitFileType = wrapper.cfbundle; includeInIndex = 0; path = MathWithFriendsTests.xctest; sourceTree = BUILT_PRODUCTS_DIR; };
		A555B2041F01C604007EE1C1 /* MathWithFriendsTests.swift */ = {isa = PBXFileReference; lastKnownFileType = sourcecode.swift; path = MathWithFriendsTests.swift; sourceTree = "<group>"; };
		A555B2061F01C604007EE1C1 /* Info.plist */ = {isa = PBXFileReference; lastKnownFileType = text.plist.xml; path = Info.plist; sourceTree = "<group>"; };
/* End PBXFileReference section */

/* Begin PBXFrameworksBuildPhase section */
		A555B1E91F01C604007EE1C1 /* Frameworks */ = {
			isa = PBXFrameworksBuildPhase;
			buildActionMask = 2147483647;
			files = (
			);
			runOnlyForDeploymentPostprocessing = 0;
		};
		A555B1FD1F01C604007EE1C1 /* Frameworks */ = {
			isa = PBXFrameworksBuildPhase;
			buildActionMask = 2147483647;
			files = (
			);
			runOnlyForDeploymentPostprocessing = 0;
		};
/* End PBXFrameworksBuildPhase section */

/* Begin PBXGroup section */
		A555B1E31F01C604007EE1C1 = {
			isa = PBXGroup;
			children = (
				A555B1EE1F01C604007EE1C1 /* MathWithFriends */,
				A555B2031F01C604007EE1C1 /* MathWithFriendsTests */,
				A555B1ED1F01C604007EE1C1 /* Products */,
			);
			sourceTree = "<group>";
		};
		A555B1ED1F01C604007EE1C1 /* Products */ = {
			isa = PBXGroup;
			children = (
				A555B1EC1F01C604007EE1C1 /* MathWithFriends.app */,
				A555B2001F01C604007EE1C1 /* MathWithFriendsTests.xctest */,
			);
			name = Products;
			sourceTree = "<group>";
		};
		A555B1EE1F01C604007EE1C1 /* MathWithFriends */ = {
			isa = PBXGroup;
			children = (
				A555B1EF1F01C604007EE1C1 /* AppDelegate.swift */,
				A555B1F11F01C604007EE1C1 /* ViewController.swift */,
				A555B1F31F01C604007EE1C1 /* Main.storyboard */,
				A555B1F61F01C604007EE1C1 /* Assets.xcassets */,
				A555B1F81F01C604007EE1C1 /* LaunchScreen.storyboard */,
				A555B1FB1F01C604007EE1C1 /* Info.plist */,
			);
			path = MathWithFriends;
			sourceTree = "<group>";
		};
		A555B2031F01C604007EE1C1 /* MathWithFriendsTests */ = {
			isa = PBXGroup;
			children = (
				A555B2041F01C604007EE1C1 /* MathWithFriendsTests.swift */,
				A555B2061F01C604007EE1C1 /* Info.plist */,
			);
			path = MathWithFriendsTests;
			sourceTree = "<group>";
		};
/* End PBXGroup section */

/* Begin PBXNativeTarget section */
		A555B1EB1F01C604007EE1C1 /* MathWithFriends */ = {
			isa = PBXNativeTarget;
			buildConfigurationList = A555B2091F01C604007EE1C1 /* Build configuration list for PBXNativeTarget "MathWithFriends" */;
			buildPhases = (
				A555B1E81F01C604007EE1C1 /* Sources */,
				A555B1E91F01C604007EE1C1 /* Frameworks */,
				A555B1EA1F01C604007EE1C1 /* Resources */,
			);
			buildRules = (
			);
			dependencies = (
			);
			name = MathWithFriends;
			productName = MathWithFriends;
			productReference = A555B1EC1F01C604007EE1C1 /* MathWithFriends.app */;
			productType = "com.apple.product-type.application";
		};
		A555B1FF1F01C604007EE1C1 /* MathWithFriendsTests */ = {
			isa = PBXNativeTarget;
			buildConfigurationList = A555B20C1F01C604007EE1C1 /* Build configuration list for PBXNativeTarget "MathWithFriendsTests" */;
			buildPhases = (
				A555B1FC1F01C604007EE1C1 /* Sources */,
				A555B1FD1F01C604007EE1C1 /* Frameworks */,
				A555B1FE1F01C604007EE1C1 /* Resources */,
			);
			buildRules = (
			);
			dependencies = (
				A555B2021F01C604007EE1C1 /* PBXTargetDependency */,
			);
			name = MathWithFriendsTests;
			productName = MathWithFriendsTests;
			productReference = A555B2001F01C604007EE1C1 /* MathWithFriendsTests.xctest */;
			productType = "com.apple.product-type.bundle.unit-test";
		};
/* End PBXNativeTarget section */

/* Begin PBXProject section */
		A555B1E41F01C604007EE1C1 /* Project object */ = {
			isa = PBXProject;
			attributes = {
				LastSwiftUpdateCheck = 0820;
				LastUpgradeCheck = 0820;
				ORGANIZATIONNAME = RobinDProductions;
				TargetAttributes = {
					A555B1EB1F01C604007EE1C1 = {
						CreatedOnToolsVersion = 8.2.1;
						ProvisioningStyle = Automatic;
					};
					A555B1FF1F01C604007EE1C1 = {
						CreatedOnToolsVersion = 8.2.1;
						ProvisioningStyle = Automatic;
						TestTargetID = A555B1EB1F01C604007EE1C1;
					};
				};
			};
			buildConfigurationList = A555B1E71F01C604007EE1C1 /* Build configuration list for PBXProject "MathWithFriends" */;
			compatibilityVersion = "Xcode 3.2";
			developmentRegion = English;
			hasScannedForEncodings = 0;
			knownRegions = (
				en,
				Base,
			);
			mainGroup = A555B1E31F01C604007EE1C1;
			productRefGroup = A555B1ED1F01C604007EE1C1 /* Products */;
			projectDirPath = "";
			projectRoot = "";
			targets = (
				A555B1EB1F01C604007EE1C1 /* MathWithFriends */,
				A555B1FF1F01C604007EE1C1 /* MathWithFriendsTests */,
			);
		};
/* End PBXProject section */

/* Begin PBXResourcesBuildPhase section */
		A555B1EA1F01C604007EE1C1 /* Resources */ = {
			isa = PBXResourcesBuildPhase;
			buildActionMask = 2147483647;
			files = (
				A555B1FA1F01C604007EE1C1 /* LaunchScreen.storyboard in Resources */,
				A555B1F71F01C604007EE1C1 /* Assets.xcassets in Resources */,
				A555B1F51F01C604007EE1C1 /* Main.storyboard in Resources */,
			);
			runOnlyForDeploymentPostprocessing = 0;
		};
		A555B1FE1F01C604007EE1C1 /* Resources */ = {
			isa = PBXResourcesBuildPhase;
			buildActionMask = 2147483647;
			files = (
			);
			runOnlyForDeploymentPostprocessing = 0;
		};
/* End PBXResourcesBuildPhase section */

/* Begin PBXSourcesBuildPhase section */
		A555B1E81F01C604007EE1C1 /* Sources */ = {
			isa = PBXSourcesBuildPhase;
			buildActionMask = 2147483647;
			files = (
				A555B1F21F01C604007EE1C1 /* ViewController.swift in Sources */,
				A555B1F01F01C604007EE1C1 /* AppDelegate.swift in Sources */,
			);
			runOnlyForDeploymentPostprocessing = 0;
		};
		A555B1FC1F01C604007EE1C1 /* Sources */ = {
			isa = PBXSourcesBuildPhase;
			buildActionMask = 2147483647;
			files = (
				A555B2051F01C604007EE1C1 /* MathWithFriendsTests.swift in Sources */,
			);
			runOnlyForDeploymentPostprocessing = 0;
		};
/* End PBXSourcesBuildPhase section */

/* Begin PBXTargetDependency section */
		A555B2021F01C604007EE1C1 /* PBXTargetDependency */ = {
			isa = PBXTargetDependency;
			target = A555B1EB1F01C604007EE1C1 /* MathWithFriends */;
			targetProxy = A555B2011F01C604007EE1C1 /* PBXContainerItemProxy */;
		};
/* End PBXTargetDependency section */

/* Begin PBXVariantGroup section */
		A555B1F31F01C604007EE1C1 /* Main.storyboard */ = {
			isa = PBXVariantGroup;
			children = (
				A555B1F41F01C604007EE1C1 /* Base */,
			);
			name = Main.storyboard;
			sourceTree = "<group>";
		};
		A555B1F81F01C604007EE1C1 /* LaunchScreen.storyboard */ = {
			isa = PBXVariantGroup;
			children = (
				A555B1F91F01C604007EE1C1 /* Base */,
			);
			name = LaunchScreen.storyboard;
			sourceTree = "<group>";
		};
/* End PBXVariantGroup section */

/* Begin XCBuildConfiguration section */
		A555B2071F01C604007EE1C1 /* Debug */ = {
			isa = XCBuildConfiguration;
			buildSettings = {
				ALWAYS_SEARCH_USER_PATHS = NO;
				CLANG_ANALYZER_NONNULL = YES;
				CLANG_CXX_LANGUAGE_STANDARD = "gnu++0x";
				CLANG_CXX_LIBRARY = "libc++";
				CLANG_ENABLE_MODULES = YES;
				CLANG_ENABLE_OBJC_ARC = YES;
				CLANG_WARN_BOOL_CONVERSION = YES;
				CLANG_WARN_CONSTANT_CONVERSION = YES;
				CLANG_WARN_DIRECT_OBJC_ISA_USAGE = YES_ERROR;
				CLANG_WARN_DOCUMENTATION_COMMENTS = YES;
				CLANG_WARN_EMPTY_BODY = YES;
				CLANG_WARN_ENUM_CONVERSION = YES;
				CLANG_WARN_INFINITE_RECURSION = YES;
				CLANG_WARN_INT_CONVERSION = YES;
				CLANG_WARN_OBJC_ROOT_CLASS = YES_ERROR;
				CLANG_WARN_SUSPICIOUS_MOVE = YES;
				CLANG_WARN_UNREACHABLE_CODE = YES;
				CLANG_WARN__DUPLICATE_METHOD_MATCH = YES;
				"CODE_SIGN_IDENTITY[sdk=iphoneos*]" = "iPhone Developer";
				COPY_PHASE_STRIP = NO;
				DEBUG_INFORMATION_FORMAT = dwarf;
				ENABLE_STRICT_OBJC_MSGSEND = YES;
				ENABLE_TESTABILITY = YES;
				GCC_C_LANGUAGE_STANDARD = gnu99;
				GCC_DYNAMIC_NO_PIC = NO;
				GCC_NO_COMMON_BLOCKS = YES;
				GCC_OPTIMIZATION_LEVEL = 0;
				GCC_PREPROCESSOR_DEFINITIONS = (
					"DEBUG=1",
					"$(inherited)",
				);
				GCC_WARN_64_TO_32_BIT_CONVERSION = YES;
				GCC_WARN_ABOUT_RETURN_TYPE = YES_ERROR;
				GCC_WARN_UNDECLARED_SELECTOR = YES;
				GCC_WARN_UNINITIALIZED_AUTOS = YES_AGGRESSIVE;
				GCC_WARN_UNUSED_FUNCTION = YES;
				GCC_WARN_UNUSED_VARIABLE = YES;
				IPHONEOS_DEPLOYMENT_TARGET = 10.2;
				MTL_ENABLE_DEBUG_INFO = YES;
				ONLY_ACTIVE_ARCH = YES;
				SDKROOT = iphoneos;
				SWIFT_ACTIVE_COMPILATION_CONDITIONS = DEBUG;
				SWIFT_OPTIMIZATION_LEVEL = "-Onone";
				TARGETED_DEVICE_FAMILY = "1,2";
			};
			name = Debug;
		};
		A555B2081F01C604007EE1C1 /* Release */ = {
			isa = XCBuildConfiguration;
			buildSettings = {
				ALWAYS_SEARCH_USER_PATHS = NO;
				CLANG_ANALYZER_NONNULL = YES;
				CLANG_CXX_LANGUAGE_STANDARD = "gnu++0x";
				CLANG_CXX_LIBRARY = "libc++";
				CLANG_ENABLE_MODULES = YES;
				CLANG_ENABLE_OBJC_ARC = YES;
				CLANG_WARN_BOOL_CONVERSION = YES;
				CLANG_WARN_CONSTANT_CONVERSION = YES;
				CLANG_WARN_DIRECT_OBJC_ISA_USAGE = YES_ERROR;
				CLANG_WARN_DOCUMENTATION_COMMENTS = YES;
				CLANG_WARN_EMPTY_BODY = YES;
				CLANG_WARN_ENUM_CONVERSION = YES;
				CLANG_WARN_INFINITE_RECURSION = YES;
				CLANG_WARN_INT_CONVERSION = YES;
				CLANG_WARN_OBJC_ROOT_CLASS = YES_ERROR;
				CLANG_WARN_SUSPICIOUS_MOVE = YES;
				CLANG_WARN_UNREACHABLE_CODE = YES;
				CLANG_WARN__DUPLICATE_METHOD_MATCH = YES;
				"CODE_SIGN_IDENTITY[sdk=iphoneos*]" = "iPhone Developer";
				COPY_PHASE_STRIP = NO;
				DEBUG_INFORMATION_FORMAT = "dwarf-with-dsym";
				ENABLE_NS_ASSERTIONS = NO;
				ENABLE_STRICT_OBJC_MSGSEND = YES;
				GCC_C_LANGUAGE_STANDARD = gnu99;
				GCC_NO_COMMON_BLOCKS = YES;
				GCC_WARN_64_TO_32_BIT_CONVERSION = YES;
				GCC_WARN_ABOUT_RETURN_TYPE = YES_ERROR;
				GCC_WARN_UNDECLARED_SELECTOR = YES;
				GCC_WARN_UNINITIALIZED_AUTOS = YES_AGGRESSIVE;
				GCC_WARN_UNUSED_FUNCTION = YES;
				GCC_WARN_UNUSED_VARIABLE = YES;
				IPHONEOS_DEPLOYMENT_TARGET = 10.2;
				MTL_ENABLE_DEBUG_INFO = NO;
				SDKROOT = iphoneos;
				SWIFT_OPTIMIZATION_LEVEL = "-Owholemodule";
				TARGETED_DEVICE_FAMILY = "1,2";
				VALIDATE_PRODUCT = YES;
			};
			name = Release;
		};
		A555B20A1F01C604007EE1C1 /* Debug */ = {
			isa = XCBuildConfiguration;
			buildSettings = {
				ASSETCATALOG_COMPILER_APPICON_NAME = AppIcon;
				INFOPLIST_FILE = MathWithFriends/Info.plist;
				LD_RUNPATH_SEARCH_PATHS = "$(inherited) @executable_path/Frameworks";
				PRODUCT_BUNDLE_IDENTIFIER = com.robindproductions.MathWithFriends;
				PRODUCT_NAME = "$(TARGET_NAME)";
				SWIFT_VERSION = 3.0;
			};
			name = Debug;
		};
		A555B20B1F01C604007EE1C1 /* Release */ = {
			isa = XCBuildConfiguration;
			buildSettings = {
				ASSETCATALOG_COMPILER_APPICON_NAME = AppIcon;
				INFOPLIST_FILE = MathWithFriends/Info.plist;
				LD_RUNPATH_SEARCH_PATHS = "$(inherited) @executable_path/Frameworks";
				PRODUCT_BUNDLE_IDENTIFIER = com.robindproductions.MathWithFriends;
				PRODUCT_NAME = "$(TARGET_NAME)";
				SWIFT_VERSION = 3.0;
			};
			name = Release;
		};
		A555B20D1F01C604007EE1C1 /* Debug */ = {
			isa = XCBuildConfiguration;
			buildSettings = {
				ALWAYS_EMBED_SWIFT_STANDARD_LIBRARIES = YES;
				BUNDLE_LOADER = "$(TEST_HOST)";
				INFOPLIST_FILE = MathWithFriendsTests/Info.plist;
				LD_RUNPATH_SEARCH_PATHS = "$(inherited) @executable_path/Frameworks @loader_path/Frameworks";
				PRODUCT_BUNDLE_IDENTIFIER = com.robindproductions.MathWithFriendsTests;
				PRODUCT_NAME = "$(TARGET_NAME)";
				SWIFT_VERSION = 3.0;
				TEST_HOST = "$(BUILT_PRODUCTS_DIR)/MathWithFriends.app/MathWithFriends";
			};
			name = Debug;
		};
		A555B20E1F01C604007EE1C1 /* Release */ = {
			isa = XCBuildConfiguration;
			buildSettings = {
				ALWAYS_EMBED_SWIFT_STANDARD_LIBRARIES = YES;
				BUNDLE_LOADER = "$(TEST_HOST)";
				INFOPLIST_FILE = MathWithFriendsTests/Info.plist;
				LD_RUNPATH_SEARCH_PATHS = "$(inherited) @executable_path/Frameworks @loader_path/Frameworks";
				PRODUCT_BUNDLE_IDENTIFIER = com.robindproductions.MathWithFriendsTests;
				PRODUCT_NAME = "$(TARGET_NAME)";
				SWIFT_VERSION = 3.0;
				TEST_HOST = "$(BUILT_PRODUCTS_DIR)/MathWithFriends.app/MathWithFriends";
			};
			name = Release;
		};
/* End XCBuildConfiguration section */

/* Begin XCConfigurationList section */
		A555B1E71F01C604007EE1C1 /* Build configuration list for PBXProject "MathWithFriends" */ = {
			isa = XCConfigurationList;
			buildConfigurations = (
				A555B2071F01C604007EE1C1 /* Debug */,
				A555B2081F01C604007EE1C1 /* Release */,
			);
			defaultConfigurationIsVisible = 0;
			defaultConfigurationName = Release;
		};
		A555B2091F01C604007EE1C1 /* Build configuration list for PBXNativeTarget "MathWithFriends" */ = {
			isa = XCConfigurationList;
			buildConfigurations = (
				A555B20A1F01C604007EE1C1 /* Debug */,
				A555B20B1F01C604007EE1C1 /* Release */,
			);
			defaultConfigurationIsVisible = 0;
		};
		A555B20C1F01C604007EE1C1 /* Build configuration list for PBXNativeTarget "MathWithFriendsTests" */ = {
			isa = XCConfigurationList;
			buildConfigurations = (
				A555B20D1F01C604007EE1C1 /* Debug */,
				A555B20E1F01C604007EE1C1 /* Release */,
			);
			defaultConfigurationIsVisible = 0;
		};
/* End XCConfigurationList section */
	};
	rootObject = A555B1E41F01C604007EE1C1 /* Project object */;
}
